
Microsoft Visual Studio Solution File, Format Version 12.00
# Visual Studio Version 16
VisualStudioVersion = 16.0.32510.428
MinimumVisualStudioVersion = 10.0.40219.1
Project("{2150E333-8FDC-42A3-9474-1A3956D46DE8}") = "Services", "Services", "{1C797AF2-6BDA-43DD-AD6A-C4B45E34BD08}"
EndProject
Project("{2150E333-8FDC-42A3-9474-1A3956D46DE8}") = "Catalog", "Catalog", "{DAE5CB46-66FD-454C-8DD3-871C6F7207C6}"
EndProject
Project("{9A19103F-16F7-4668-BE54-9A1E7A4F7556}") = "Catalog.API", "Services\Catalog\Catalog.API\Catalog.API.csproj", "{5249289E-534B-4EB0-8179-8C4BFF58BA0F}"
EndProject
Project("{E53339B2-1760-4266-BCC7-CA923CBCF16C}") = "docker-compose", "docker-compose.dcproj", "{6180B782-0659-4A2B-9A7A-A6CAF3DCD7F4}"
EndProject
Project("{2150E333-8FDC-42A3-9474-1A3956D46DE8}") = "Basket", "Basket", "{34D1FD68-58DD-45CB-AD4E-B9AB497CE137}"
EndProject
Project("{9A19103F-16F7-4668-BE54-9A1E7A4F7556}") = "Basket.API", "Services\Basket\Basket.API\Basket.API.csproj", "{626B4401-4673-4418-BCFD-492B92880F80}"
EndProject
Project("{2150E333-8FDC-42A3-9474-1A3956D46DE8}") = "Discount", "Discount", "{041189B5-5385-422A-8839-0D3CCE16931D}"
EndProject
Project("{9A19103F-16F7-4668-BE54-9A1E7A4F7556}") = "Discount.API", "Services\Discount\Discount.API\Discount.API.csproj", "{A1C1B63B-860F-4B06-8F13-4E741AF128B6}"
EndProject
Project("{9A19103F-16F7-4668-BE54-9A1E7A4F7556}") = "Discount.Grpc", "Services\Discount\Discount.Grpc\Discount.Grpc.csproj", "{D76AE3F8-8100-495C-8AB7-0D480AC5738B}"
EndProject
Project("{2150E333-8FDC-42A3-9474-1A3956D46DE8}") = "Ordering", "Ordering", "{9754E93A-A6CA-438D-B4C8-DD9FF2DCBA83}"
EndProject
Project("{9A19103F-16F7-4668-BE54-9A1E7A4F7556}") = "Ordering.API", "Services\Ordering\Ordering.API\Ordering.API.csproj", "{F44916CE-F2C4-4978-BA6D-BF490D518BC0}"
EndProject
Project("{9A19103F-16F7-4668-BE54-9A1E7A4F7556}") = "Ordering.Domain", "Services\Ordering\Ordering.Domain\Ordering.Domain.csproj", "{FA88C3EE-6F50-4A87-91D7-DBD462F04743}"
EndProject
Project("{9A19103F-16F7-4668-BE54-9A1E7A4F7556}") = "Ordering.Application", "Services\Ordering\Ordering.Application\Ordering.Application.csproj", "{96A69C10-1AB6-42C2-8DDC-D0545E47160D}"
EndProject
Project("{9A19103F-16F7-4668-BE54-9A1E7A4F7556}") = "Ordering.Infrastructure", "Services\Ordering\Ordering.Infrastructure\Ordering.Infrastructure.csproj", "{F98C488E-C8C6-4D6B-B0D2-9CD79A8083C7}"
EndProject
Project("{2150E333-8FDC-42A3-9474-1A3956D46DE8}") = "BuildingBlocks", "BuildingBlocks", "{CA33F798-8BB0-4BB1-9CAE-2E5BDB0C4B00}"
EndProject
Project("{FAE04EC0-301F-11D3-BF4B-00C04F79EFBC}") = "EventBus.Messages", "BuildingBlocks\EventBus.Messages\EventBus.Messages.csproj", "{3D416960-7C11-44D4-9242-D9C15FB45115}"
EndProject
Global
	GlobalSection(SolutionConfigurationPlatforms) = preSolution
		Debug|Any CPU = Debug|Any CPU
		Release|Any CPU = Release|Any CPU
	EndGlobalSection
	GlobalSection(ProjectConfigurationPlatforms) = postSolution
		{5249289E-534B-4EB0-8179-8C4BFF58BA0F}.Debug|Any CPU.ActiveCfg = Debug|Any CPU
		{5249289E-534B-4EB0-8179-8C4BFF58BA0F}.Debug|Any CPU.Build.0 = Debug|Any CPU
		{5249289E-534B-4EB0-8179-8C4BFF58BA0F}.Release|Any CPU.ActiveCfg = Release|Any CPU
		{5249289E-534B-4EB0-8179-8C4BFF58BA0F}.Release|Any CPU.Build.0 = Release|Any CPU
		{6180B782-0659-4A2B-9A7A-A6CAF3DCD7F4}.Debug|Any CPU.ActiveCfg = Debug|Any CPU
		{6180B782-0659-4A2B-9A7A-A6CAF3DCD7F4}.Debug|Any CPU.Build.0 = Debug|Any CPU
		{6180B782-0659-4A2B-9A7A-A6CAF3DCD7F4}.Release|Any CPU.ActiveCfg = Release|Any CPU
		{6180B782-0659-4A2B-9A7A-A6CAF3DCD7F4}.Release|Any CPU.Build.0 = Release|Any CPU
		{626B4401-4673-4418-BCFD-492B92880F80}.Debug|Any CPU.ActiveCfg = Debug|Any CPU
		{626B4401-4673-4418-BCFD-492B92880F80}.Debug|Any CPU.Build.0 = Debug|Any CPU
		{626B4401-4673-4418-BCFD-492B92880F80}.Release|Any CPU.ActiveCfg = Release|Any CPU
		{626B4401-4673-4418-BCFD-492B92880F80}.Release|Any CPU.Build.0 = Release|Any CPU
		{A1C1B63B-860F-4B06-8F13-4E741AF128B6}.Debug|Any CPU.ActiveCfg = Debug|Any CPU
		{A1C1B63B-860F-4B06-8F13-4E741AF128B6}.Debug|Any CPU.Build.0 = Debug|Any CPU
		{A1C1B63B-860F-4B06-8F13-4E741AF128B6}.Release|Any CPU.ActiveCfg = Release|Any CPU
		{A1C1B63B-860F-4B06-8F13-4E741AF128B6}.Release|Any CPU.Build.0 = Release|Any CPU
		{D76AE3F8-8100-495C-8AB7-0D480AC5738B}.Debug|Any CPU.ActiveCfg = Debug|Any CPU
		{D76AE3F8-8100-495C-8AB7-0D480AC5738B}.Debug|Any CPU.Build.0 = Debug|Any CPU
		{D76AE3F8-8100-495C-8AB7-0D480AC5738B}.Release|Any CPU.ActiveCfg = Release|Any CPU
		{D76AE3F8-8100-495C-8AB7-0D480AC5738B}.Release|Any CPU.Build.0 = Release|Any CPU
		{F44916CE-F2C4-4978-BA6D-BF490D518BC0}.Debug|Any CPU.ActiveCfg = Debug|Any CPU
		{F44916CE-F2C4-4978-BA6D-BF490D518BC0}.Debug|Any CPU.Build.0 = Debug|Any CPU
		{F44916CE-F2C4-4978-BA6D-BF490D518BC0}.Release|Any CPU.ActiveCfg = Release|Any CPU
		{F44916CE-F2C4-4978-BA6D-BF490D518BC0}.Release|Any CPU.Build.0 = Release|Any CPU
		{FA88C3EE-6F50-4A87-91D7-DBD462F04743}.Debug|Any CPU.ActiveCfg = Debug|Any CPU
		{FA88C3EE-6F50-4A87-91D7-DBD462F04743}.Debug|Any CPU.Build.0 = Debug|Any CPU
		{FA88C3EE-6F50-4A87-91D7-DBD462F04743}.Release|Any CPU.ActiveCfg = Release|Any CPU
		{FA88C3EE-6F50-4A87-91D7-DBD462F04743}.Release|Any CPU.Build.0 = Release|Any CPU
		{96A69C10-1AB6-42C2-8DDC-D0545E47160D}.Debug|Any CPU.ActiveCfg = Debug|Any CPU
		{96A69C10-1AB6-42C2-8DDC-D0545E47160D}.Debug|Any CPU.Build.0 = Debug|Any CPU
		{96A69C10-1AB6-42C2-8DDC-D0545E47160D}.Release|Any CPU.ActiveCfg = Release|Any CPU
		{96A69C10-1AB6-42C2-8DDC-D0545E47160D}.Release|Any CPU.Build.0 = Release|Any CPU
		{F98C488E-C8C6-4D6B-B0D2-9CD79A8083C7}.Debug|Any CPU.ActiveCfg = Debug|Any CPU
		{F98C488E-C8C6-4D6B-B0D2-9CD79A8083C7}.Debug|Any CPU.Build.0 = Debug|Any CPU
		{F98C488E-C8C6-4D6B-B0D2-9CD79A8083C7}.Release|Any CPU.ActiveCfg = Release|Any CPU
		{F98C488E-C8C6-4D6B-B0D2-9CD79A8083C7}.Release|Any CPU.Build.0 = Release|Any CPU
		{3D416960-7C11-44D4-9242-D9C15FB45115}.Debug|Any CPU.ActiveCfg = Debug|Any CPU
		{3D416960-7C11-44D4-9242-D9C15FB45115}.Debug|Any CPU.Build.0 = Debug|Any CPU
		{3D416960-7C11-44D4-9242-D9C15FB45115}.Release|Any CPU.ActiveCfg = Release|Any CPU
		{3D416960-7C11-44D4-9242-D9C15FB45115}.Release|Any CPU.Build.0 = Release|Any CPU
	EndGlobalSection
	GlobalSection(SolutionProperties) = preSolution
		HideSolutionNode = FALSE
	EndGlobalSection
	GlobalSection(NestedProjects) = preSolution
		{DAE5CB46-66FD-454C-8DD3-871C6F7207C6} = {1C797AF2-6BDA-43DD-AD6A-C4B45E34BD08}
		{5249289E-534B-4EB0-8179-8C4BFF58BA0F} = {DAE5CB46-66FD-454C-8DD3-871C6F7207C6}
		{34D1FD68-58DD-45CB-AD4E-B9AB497CE137} = {1C797AF2-6BDA-43DD-AD6A-C4B45E34BD08}
		{626B4401-4673-4418-BCFD-492B92880F80} = {34D1FD68-58DD-45CB-AD4E-B9AB497CE137}
		{041189B5-5385-422A-8839-0D3CCE16931D} = {1C797AF2-6BDA-43DD-AD6A-C4B45E34BD08}
		{A1C1B63B-860F-4B06-8F13-4E741AF128B6} = {041189B5-5385-422A-8839-0D3CCE16931D}
		{D76AE3F8-8100-495C-8AB7-0D480AC5738B} = {041189B5-5385-422A-8839-0D3CCE16931D}
		{9754E93A-A6CA-438D-B4C8-DD9FF2DCBA83} = {1C797AF2-6BDA-43DD-AD6A-C4B45E34BD08}
		{F44916CE-F2C4-4978-BA6D-BF490D518BC0} = {9754E93A-A6CA-438D-B4C8-DD9FF2DCBA83}
		{FA88C3EE-6F50-4A87-91D7-DBD462F04743} = {9754E93A-A6CA-438D-B4C8-DD9FF2DCBA83}
		{96A69C10-1AB6-42C2-8DDC-D0545E47160D} = {9754E93A-A6CA-438D-B4C8-DD9FF2DCBA83}
		{F98C488E-C8C6-4D6B-B0D2-9CD79A8083C7} = {9754E93A-A6CA-438D-B4C8-DD9FF2DCBA83}
		{3D416960-7C11-44D4-9242-D9C15FB45115} = {CA33F798-8BB0-4BB1-9CAE-2E5BDB0C4B00}
	EndGlobalSection
	GlobalSection(ExtensibilityGlobals) = postSolution
		SolutionGuid = {3420B98F-4B97-4356-BABB-2AD16EECF49B}
	EndGlobalSection
EndGlobal
